
Microsoft Visual Studio Solution File, Format Version 12.00
# Visual Studio Version 16
VisualStudioVersion = 16.0.30517.126
MinimumVisualStudioVersion = 10.0.40219.1
Project("{FAE04EC0-301F-11D3-BF4B-00C04F79EFBC}") = "CatsAndDogsDB", "CatsAndDogsDB\CatsAndDogsDB.csproj", "{AC30B697-48A9-4FD3-B634-B524BB5BDA50}"
EndProject
Global
	GlobalSection(SolutionConfigurationPlatforms) = preSolution
		Debug|Any CPU = Debug|Any CPU
		Release|Any CPU = Release|Any CPU
	EndGlobalSection
	GlobalSection(ProjectConfigurationPlatforms) = postSolution
		{AC30B697-48A9-4FD3-B634-B524BB5BDA50}.Debug|Any CPU.ActiveCfg = Debug|Any CPU
		{AC30B697-48A9-4FD3-B634-B524BB5BDA50}.Debug|Any CPU.Build.0 = Debug|Any CPU
		{AC30B697-48A9-4FD3-B634-B524BB5BDA50}.Release|Any CPU.ActiveCfg = Release|Any CPU
		{AC30B697-48A9-4FD3-B634-B524BB5BDA50}.Release|Any CPU.Build.0 = Release|Any CPU
	EndGlobalSection
	GlobalSection(SolutionProperties) = preSolution
		HideSolutionNode = FALSE
	EndGlobalSection
	GlobalSection(ExtensibilityGlobals) = postSolution
		SolutionGuid = {AFC06A4E-C3A6-4A75-8C80-EEA03C48EFD6}
	EndGlobalSection
EndGlobal
